
Microsoft Visual Studio Solution File, Format Version 12.00
# Visual Studio 15
VisualStudioVersion = 15.0.28010.2036
MinimumVisualStudioVersion = 10.0.40219.1
Project("{159641D6-6404-4A2A-AE62-294DE0FE8301}") = "IDH_ETL_v2", "IDH_ETL_v2.dtproj", "{ACFF8448-4E31-42E8-87F5-A9DF2ADCC6B9}"
EndProject
Global
	GlobalSection(SolutionConfigurationPlatforms) = preSolution
		Development|Default = Development|Default
	EndGlobalSection
	GlobalSection(ProjectConfigurationPlatforms) = postSolution
		{ACFF8448-4E31-42E8-87F5-A9DF2ADCC6B9}.Development|Default.ActiveCfg = Development
		{ACFF8448-4E31-42E8-87F5-A9DF2ADCC6B9}.Development|Default.Build.0 = Development
	EndGlobalSection
	GlobalSection(SolutionProperties) = preSolution
		HideSolutionNode = FALSE
	EndGlobalSection
	GlobalSection(ExtensibilityGlobals) = postSolution
		SolutionGuid = {C4A2B688-2D56-4F09-A32E-8A4DE44CF555}
	EndGlobalSection
EndGlobal
